{
    "_readme": [
        "This file locks the dependencies of your project to a known state",
        "Read more about it at https://getcomposer.org/doc/01-basic-usage.md#installing-dependencies",
        "This file is @generated automatically"
    ],
    "content-hash": "f1914fb320dcb4296d4c80c049297794",
    "packages": [
        {
            "name": "openbuildings/environment-backup",
            "version": "0.1.2",
            "source": {
                "type": "git",
                "url": "https://github.com/OpenBuildings/environment-backup.git",
                "reference": "db94e7c77fa9d35b48a5e40218d335f1891d805e"
            },
            "dist": {
                "type": "zip",
                "url": "https://api.github.com/repos/OpenBuildings/environment-backup/zipball/db94e7c77fa9d35b48a5e40218d335f1891d805e",
                "reference": "db94e7c77fa9d35b48a5e40218d335f1891d805e",
                "shasum": ""
            },
            "require-dev": {
                "openbuildings/kohana-test-bootstrap": "^0.2",
                "phpunit/phpunit": "^4.0, <4.5"
            },
            "type": "library",
            "autoload": {
                "psr-4": {
                    "Openbuildings\\EnvironmentBackup\\": "src/"
                }
            },
            "notification-url": "https://packagist.org/downloads/",
            "license": [
                "BSD-3-Clause"
            ],
            "authors": [
                {
                    "name": "Ivan Kerin",
                    "email": "ivan@openbuildings.com",
                    "role": "Author"
                }
            ],
            "description": "Backup/restore environment variables: globals, static vars, configs",
            "time": "2016-10-01T12:08:40+00:00"
        },
        {
            "name": "symfony/css-selector",
            "version": "v3.0.9",
            "source": {
                "type": "git",
                "url": "https://github.com/symfony/css-selector.git",
                "reference": "b8999c1f33c224b2b66b38253f5e3a838d0d0115"
            },
            "dist": {
                "type": "zip",
                "url": "https://api.github.com/repos/symfony/css-selector/zipball/b8999c1f33c224b2b66b38253f5e3a838d0d0115",
                "reference": "b8999c1f33c224b2b66b38253f5e3a838d0d0115",
                "shasum": ""
            },
            "require": {
                "php": ">=5.5.9"
            },
            "type": "library",
            "extra": {
                "branch-alias": {
                    "dev-master": "3.0-dev"
                }
            },
            "autoload": {
                "psr-4": {
                    "Symfony\\Component\\CssSelector\\": ""
                },
                "exclude-from-classmap": [
                    "/Tests/"
                ]
            },
            "notification-url": "https://packagist.org/downloads/",
            "license": [
                "MIT"
            ],
            "authors": [
                {
                    "name": "Jean-François Simon",
                    "email": "jeanfrancois.simon@sensiolabs.com"
                },
                {
                    "name": "Fabien Potencier",
                    "email": "fabien@symfony.com"
                },
                {
                    "name": "Symfony Community",
                    "homepage": "https://symfony.com/contributors"
                }
            ],
            "description": "Symfony CssSelector Component",
            "homepage": "https://symfony.com",
            "time": "2016-06-29T05:40:00+00:00"
        }
    ],
    "packages-dev": [
        {
            "name": "openbuildings/kohana-test-bootsrap",
            "version": "0.1.2",
            "source": {
                "type": "git",
                "url": "https://github.com/OpenBuildings/kohana-test-bootstrap.git",
                "reference": "57c9cae9bd97edbe58d1c41c35c499c7d54f4030"
            },
            "dist": {
                "type": "zip",
                "url": "https://api.github.com/repos/OpenBuildings/kohana-test-bootstrap/zipball/57c9cae9bd97edbe58d1c41c35c499c7d54f4030",
                "reference": "57c9cae9bd97edbe58d1c41c35c499c7d54f4030",
                "shasum": ""
            },
            "type": "library",
            "autoload": {
                "files": [
                    "bootstrap.php"
                ]
            },
            "notification-url": "https://packagist.org/downloads/",
            "license": [
                "BSD-3-Clause"
            ],
            "authors": [
                {
                    "name": "Ivan Kerin",
                    "email": "ivan@openbuildings.com",
                    "homepage": "https://github.com/OpenBuildings/jam",
                    "role": "Author"
                }
            ],
            "description": "Kohana core classes repackaged with composer, used to test modules",
            "time": "2013-10-01T08:57:54+00:00"
        },
        {
            "name": "se/selenium-server-standalone",
            "version": "v2.40.0",
            "source": {
                "type": "git",
                "url": "https://github.com/sveneisenschmidt/selenium-server-standalone.git",
                "reference": "c3c3b175265c747e3eff7b2beb323f86bd3ee2bb"
            },
            "dist": {
                "type": "zip",
                "url": "https://api.github.com/repos/sveneisenschmidt/selenium-server-standalone/zipball/c3c3b175265c747e3eff7b2beb323f86bd3ee2bb",
                "reference": "c3c3b175265c747e3eff7b2beb323f86bd3ee2bb",
                "shasum": ""
            },
            "bin": [
                "composer/bin/selenium-server-standalone"
            ],
            "type": "library",
            "notification-url": "https://packagist.org/downloads/",
            "license": [
                "Apache 2.0"
            ],
            "authors": [
                {
                    "name": "Sven Eisenschmidt",
                    "email": "sven.eisenschmidt@gmail.com",
                    "homepage": "http://unsicherheitsagent.de/"
                }
            ],
            "description": "Composer distribution of Selenium Server Standalone, the browser automation framework. Adds a executable to your composer bin directory.",
            "homepage": "https://github.com/sveneisenschmidt/selenium-server-standalone",
            "keywords": [
                "selenium",
                "testing"
            ],
            "time": "2014-03-13T13:17:49+00:00"
        }
    ],
    "aliases": [],
    "minimum-stability": "stable",
    "stability-flags": [],
    "prefer-stable": false,
    "prefer-lowest": false,
    "platform": [],
    "platform-dev": []
}
